
Microsoft Visual Studio Solution File, Format Version 12.00
# Visual Studio Version 16
VisualStudioVersion = 16.0.30711.63
MinimumVisualStudioVersion = 10.0.40219.1
Project("{FAE04EC0-301F-11D3-BF4B-00C04F79EFBC}") = "NDI Telestrator", "NDI Telestrator.csproj", "{84ED7244-5644-4150-9349-A87E457763B1}"
EndProject
Project("{FAE04EC0-301F-11D3-BF4B-00C04F79EFBC}") = "NDILibDotNet2", "lib\NDILibDotNet2\NDILibDotNet2.csproj", "{7195BFA6-8095-4618-96F6-8577DB13FB43}"
EndProject
Project("{FAE04EC0-301F-11D3-BF4B-00C04F79EFBC}") = "ScreenCapture", "C:\Users\Andrew\Downloads\Windows.UI.Composition-Win32-Samples-master\dotnet\WPF\ScreenCapture\ScreenCapture\ScreenCapture.csproj", "{4DDD37B1-E3E8-46C1-BDE9-3039A93DAF27}"
EndProject
Project("{9A19103F-16F7-4668-BE54-9A1E7A4F7556}") = "CaptureSampleCore", "C:\Users\Andrew\Downloads\Windows.UI.Composition-Win32-Samples-master\dotnet\WPF\ScreenCapture\CaptureSampleCore\CaptureSampleCore.csproj", "{318FBA61-85A7-4C11-B877-45E191DF2D49}"
EndProject
Project("{9A19103F-16F7-4668-BE54-9A1E7A4F7556}") = "Composition.WindowsRuntimeHelpers", "C:\Users\Andrew\Downloads\Windows.UI.Composition-Win32-Samples-master\dotnet\WPF\ScreenCapture\Composition.WindowsRuntimeHelpers\Composition.WindowsRuntimeHelpers.csproj", "{B9B091D2-42A9-4DA7-959E-B6D1D081F4B4}"
EndProject
Global
	GlobalSection(SolutionConfigurationPlatforms) = preSolution
		Debug|Any CPU = Debug|Any CPU
		Debug|x64 = Debug|x64
		Debug|x86 = Debug|x86
		Release|Any CPU = Release|Any CPU
		Release|x64 = Release|x64
		Release|x86 = Release|x86
	EndGlobalSection
	GlobalSection(ProjectConfigurationPlatforms) = postSolution
		{84ED7244-5644-4150-9349-A87E457763B1}.Debug|Any CPU.ActiveCfg = Debug|Any CPU
		{84ED7244-5644-4150-9349-A87E457763B1}.Debug|Any CPU.Build.0 = Debug|Any CPU
		{84ED7244-5644-4150-9349-A87E457763B1}.Debug|x64.ActiveCfg = Debug|x64
		{84ED7244-5644-4150-9349-A87E457763B1}.Debug|x64.Build.0 = Debug|x64
		{84ED7244-5644-4150-9349-A87E457763B1}.Debug|x86.ActiveCfg = Debug|Any CPU
		{84ED7244-5644-4150-9349-A87E457763B1}.Debug|x86.Build.0 = Debug|Any CPU
		{84ED7244-5644-4150-9349-A87E457763B1}.Release|Any CPU.ActiveCfg = Release|Any CPU
		{84ED7244-5644-4150-9349-A87E457763B1}.Release|Any CPU.Build.0 = Release|Any CPU
		{84ED7244-5644-4150-9349-A87E457763B1}.Release|x64.ActiveCfg = Release|Any CPU
		{84ED7244-5644-4150-9349-A87E457763B1}.Release|x64.Build.0 = Release|Any CPU
		{84ED7244-5644-4150-9349-A87E457763B1}.Release|x86.ActiveCfg = Release|Any CPU
		{84ED7244-5644-4150-9349-A87E457763B1}.Release|x86.Build.0 = Release|Any CPU
		{7195BFA6-8095-4618-96F6-8577DB13FB43}.Debug|Any CPU.ActiveCfg = Debug|Any CPU
		{7195BFA6-8095-4618-96F6-8577DB13FB43}.Debug|Any CPU.Build.0 = Debug|Any CPU
		{7195BFA6-8095-4618-96F6-8577DB13FB43}.Debug|x64.ActiveCfg = Debug|x64
		{7195BFA6-8095-4618-96F6-8577DB13FB43}.Debug|x64.Build.0 = Debug|x64
		{7195BFA6-8095-4618-96F6-8577DB13FB43}.Debug|x86.ActiveCfg = Debug|x86
		{7195BFA6-8095-4618-96F6-8577DB13FB43}.Debug|x86.Build.0 = Debug|x86
		{7195BFA6-8095-4618-96F6-8577DB13FB43}.Release|Any CPU.ActiveCfg = Release|Any CPU
		{7195BFA6-8095-4618-96F6-8577DB13FB43}.Release|Any CPU.Build.0 = Release|Any CPU
		{7195BFA6-8095-4618-96F6-8577DB13FB43}.Release|x64.ActiveCfg = Release|x64
		{7195BFA6-8095-4618-96F6-8577DB13FB43}.Release|x64.Build.0 = Release|x64
		{7195BFA6-8095-4618-96F6-8577DB13FB43}.Release|x86.ActiveCfg = Release|x86
		{7195BFA6-8095-4618-96F6-8577DB13FB43}.Release|x86.Build.0 = Release|x86
		{4DDD37B1-E3E8-46C1-BDE9-3039A93DAF27}.Debug|Any CPU.ActiveCfg = Debug|Any CPU
		{4DDD37B1-E3E8-46C1-BDE9-3039A93DAF27}.Debug|Any CPU.Build.0 = Debug|Any CPU
		{4DDD37B1-E3E8-46C1-BDE9-3039A93DAF27}.Debug|x64.ActiveCfg = Debug|Any CPU
		{4DDD37B1-E3E8-46C1-BDE9-3039A93DAF27}.Debug|x64.Build.0 = Debug|Any CPU
		{4DDD37B1-E3E8-46C1-BDE9-3039A93DAF27}.Debug|x86.ActiveCfg = Debug|Any CPU
		{4DDD37B1-E3E8-46C1-BDE9-3039A93DAF27}.Debug|x86.Build.0 = Debug|Any CPU
		{4DDD37B1-E3E8-46C1-BDE9-3039A93DAF27}.Release|Any CPU.ActiveCfg = Release|Any CPU
		{4DDD37B1-E3E8-46C1-BDE9-3039A93DAF27}.Release|Any CPU.Build.0 = Release|Any CPU
		{4DDD37B1-E3E8-46C1-BDE9-3039A93DAF27}.Release|x64.ActiveCfg = Release|Any CPU
		{4DDD37B1-E3E8-46C1-BDE9-3039A93DAF27}.Release|x64.Build.0 = Release|Any CPU
		{4DDD37B1-E3E8-46C1-BDE9-3039A93DAF27}.Release|x86.ActiveCfg = Release|Any CPU
		{4DDD37B1-E3E8-46C1-BDE9-3039A93DAF27}.Release|x86.Build.0 = Release|Any CPU
		{318FBA61-85A7-4C11-B877-45E191DF2D49}.Debug|Any CPU.ActiveCfg = Debug|Any CPU
		{318FBA61-85A7-4C11-B877-45E191DF2D49}.Debug|Any CPU.Build.0 = Debug|Any CPU
		{318FBA61-85A7-4C11-B877-45E191DF2D49}.Debug|x64.ActiveCfg = Debug|Any CPU
		{318FBA61-85A7-4C11-B877-45E191DF2D49}.Debug|x64.Build.0 = Debug|Any CPU
		{318FBA61-85A7-4C11-B877-45E191DF2D49}.Debug|x86.ActiveCfg = Debug|Any CPU
		{318FBA61-85A7-4C11-B877-45E191DF2D49}.Debug|x86.Build.0 = Debug|Any CPU
		{318FBA61-85A7-4C11-B877-45E191DF2D49}.Release|Any CPU.ActiveCfg = Release|Any CPU
		{318FBA61-85A7-4C11-B877-45E191DF2D49}.Release|Any CPU.Build.0 = Release|Any CPU
		{318FBA61-85A7-4C11-B877-45E191DF2D49}.Release|x64.ActiveCfg = Release|Any CPU
		{318FBA61-85A7-4C11-B877-45E191DF2D49}.Release|x64.Build.0 = Release|Any CPU
		{318FBA61-85A7-4C11-B877-45E191DF2D49}.Release|x86.ActiveCfg = Release|Any CPU
		{318FBA61-85A7-4C11-B877-45E191DF2D49}.Release|x86.Build.0 = Release|Any CPU
		{B9B091D2-42A9-4DA7-959E-B6D1D081F4B4}.Debug|Any CPU.ActiveCfg = Debug|Any CPU
		{B9B091D2-42A9-4DA7-959E-B6D1D081F4B4}.Debug|Any CPU.Build.0 = Debug|Any CPU
		{B9B091D2-42A9-4DA7-959E-B6D1D081F4B4}.Debug|x64.ActiveCfg = Debug|Any CPU
		{B9B091D2-42A9-4DA7-959E-B6D1D081F4B4}.Debug|x64.Build.0 = Debug|Any CPU
		{B9B091D2-42A9-4DA7-959E-B6D1D081F4B4}.Debug|x86.ActiveCfg = Debug|Any CPU
		{B9B091D2-42A9-4DA7-959E-B6D1D081F4B4}.Debug|x86.Build.0 = Debug|Any CPU
		{B9B091D2-42A9-4DA7-959E-B6D1D081F4B4}.Release|Any CPU.ActiveCfg = Release|Any CPU
		{B9B091D2-42A9-4DA7-959E-B6D1D081F4B4}.Release|Any CPU.Build.0 = Release|Any CPU
		{B9B091D2-42A9-4DA7-959E-B6D1D081F4B4}.Release|x64.ActiveCfg = Release|Any CPU
		{B9B091D2-42A9-4DA7-959E-B6D1D081F4B4}.Release|x64.Build.0 = Release|Any CPU
		{B9B091D2-42A9-4DA7-959E-B6D1D081F4B4}.Release|x86.ActiveCfg = Release|Any CPU
		{B9B091D2-42A9-4DA7-959E-B6D1D081F4B4}.Release|x86.Build.0 = Release|Any CPU
	EndGlobalSection
	GlobalSection(SolutionProperties) = preSolution
		HideSolutionNode = FALSE
	EndGlobalSection
	GlobalSection(ExtensibilityGlobals) = postSolution
		SolutionGuid = {DE833417-455F-4863-815D-5208A8D50E66}
	EndGlobalSection
EndGlobal
